
Microsoft Visual Studio Solution File, Format Version 12.00
# Visual Studio Version 17
VisualStudioVersion = 17.9.34728.123
MinimumVisualStudioVersion = 10.0.40219.1
Project("{FAE04EC0-301F-11D3-BF4B-00C04F79EFBC}") = "FrameworkWebApi", "FrameworkWebApi.csproj", "{D02BF2C1-8369-464E-A090-0602C9C14B04}"
EndProject
Global
	GlobalSection(SolutionConfigurationPlatforms) = preSolution
		Debug|Any CPU = Debug|Any CPU
		Release|Any CPU = Release|Any CPU
	EndGlobalSection
	GlobalSection(ProjectConfigurationPlatforms) = postSolution
		{D02BF2C1-8369-464E-A090-0602C9C14B04}.Debug|Any CPU.ActiveCfg = Debug|Any CPU
		{D02BF2C1-8369-464E-A090-0602C9C14B04}.Debug|Any CPU.Build.0 = Debug|Any CPU
		{D02BF2C1-8369-464E-A090-0602C9C14B04}.Release|Any CPU.ActiveCfg = Release|Any CPU
		{D02BF2C1-8369-464E-A090-0602C9C14B04}.Release|Any CPU.Build.0 = Release|Any CPU
	EndGlobalSection
	GlobalSection(SolutionProperties) = preSolution
		HideSolutionNode = FALSE
	EndGlobalSection
	GlobalSection(ExtensibilityGlobals) = postSolution
		SolutionGuid = {49213EB5-0A55-479F-AE10-C7A07D8B2404}
	EndGlobalSection
EndGlobal
